
Microsoft Visual Studio Solution File, Format Version 12.00
# Visual Studio Version 17
VisualStudioVersion = 17.0.31903.59
MinimumVisualStudioVersion = 10.0.40219.1
Project("{2150E333-8FDC-42A3-9474-1A3956D46DE8}") = "src", "src", "{827E0CD3-B72D-47B6-A68D-7590B98EB39B}"
EndProject
Project("{FAE04EC0-301F-11D3-BF4B-00C04F79EFBC}") = "RestaurantSuite.Domain", "src\RestaurantSuite.Domain\RestaurantSuite.Domain.csproj", "{58D7C640-9146-4F2C-9A50-9CC607C5D141}"
EndProject
Project("{FAE04EC0-301F-11D3-BF4B-00C04F79EFBC}") = "RestaurantSuite.Application", "src\RestaurantSuite.Application\RestaurantSuite.Application.csproj", "{C20885C6-C40C-4C99-B324-4FCEFC28987A}"
EndProject
Project("{FAE04EC0-301F-11D3-BF4B-00C04F79EFBC}") = "RestaurantSuite.Infrastructure.EF", "src\RestaurantSuite.Infrastructure.EF\RestaurantSuite.Infrastructure.EF.csproj", "{56F3FFEC-41B6-463F-A4C7-2972221655DE}"
EndProject
Project("{FAE04EC0-301F-11D3-BF4B-00C04F79EFBC}") = "RestaurantSuite.Infrastructure.Identity", "src\RestaurantSuite.Infrastructure.Identity\RestaurantSuite.Infrastructure.Identity.csproj", "{41B2F8C4-DBB0-44CC-95AE-BBDBE19BFD86}"
EndProject
Project("{FAE04EC0-301F-11D3-BF4B-00C04F79EFBC}") = "RestaurantSuite.Notifications", "src\RestaurantSuite.Notifications\RestaurantSuite.Notifications.csproj", "{89FAD3DC-A7EB-4116-B47E-FA4362D2B4B4}"
EndProject
Project("{FAE04EC0-301F-11D3-BF4B-00C04F79EFBC}") = "RestaurantSuite.Integrations", "src\RestaurantSuite.Integrations\RestaurantSuite.Integrations.csproj", "{55970DF5-F45F-4A75-8273-4E92EBFD5EB3}"
EndProject
Project("{FAE04EC0-301F-11D3-BF4B-00C04F79EFBC}") = "RestaurantSuite.Common", "src\RestaurantSuite.Common\RestaurantSuite.Common.csproj", "{EE4A9E74-A2A6-4C94-8258-F6361929F700}"
EndProject
Project("{FAE04EC0-301F-11D3-BF4B-00C04F79EFBC}") = "RestaurantSuite.Api", "src\RestaurantSuite.Api\RestaurantSuite.Api.csproj", "{02BE5CC7-07E0-4DE4-BB25-E456B0030346}"
EndProject
Project("{FAE04EC0-301F-11D3-BF4B-00C04F79EFBC}") = "RestaurantSuite.Admin", "src\RestaurantSuite.Admin\RestaurantSuite.Admin.csproj", "{2436A8B6-2F79-4C4C-A4B1-5581FED60C32}"
EndProject
Project("{FAE04EC0-301F-11D3-BF4B-00C04F79EFBC}") = "RestaurantSuite.Waiter", "src\RestaurantSuite.Waiter\RestaurantSuite.Waiter.csproj", "{FA69E9E4-3A38-489C-8C1E-F2C9F0EFD209}"
EndProject
Project("{FAE04EC0-301F-11D3-BF4B-00C04F79EFBC}") = "RestaurantSuite.Chef", "src\RestaurantSuite.Chef\RestaurantSuite.Chef.csproj", "{B63204B4-EAB0-4CC9-B401-1D5A43A7FCEF}"
EndProject
Project("{FAE04EC0-301F-11D3-BF4B-00C04F79EFBC}") = "RestaurantSuite.Guest", "src\RestaurantSuite.Guest\RestaurantSuite.Guest.csproj", "{E998548F-66DF-466C-A9F7-B9136B123DFD}"
EndProject
Project("{FAE04EC0-301F-11D3-BF4B-00C04F79EFBC}") = "RestaurantSuite.Tests.Unit", "tests\RestaurantSuite.Tests.Unit\RestaurantSuite.Tests.Unit.csproj", "{BF530F8E-5B65-444B-B72A-2AC544B25F02}"
EndProject
Project("{FAE04EC0-301F-11D3-BF4B-00C04F79EFBC}") = "RestaurantSuite.Tests.Integration", "tests\RestaurantSuite.Tests.Integration\RestaurantSuite.Tests.Integration.csproj", "{0B95A4EE-97A7-4B1F-B6AC-67A1C63395B3}"
EndProject
Global
	GlobalSection(SolutionConfigurationPlatforms) = preSolution
		Debug|Any CPU = Debug|Any CPU
		Debug|x64 = Debug|x64
		Debug|x86 = Debug|x86
		Release|Any CPU = Release|Any CPU
		Release|x64 = Release|x64
		Release|x86 = Release|x86
	EndGlobalSection
	GlobalSection(ProjectConfigurationPlatforms) = postSolution
		{58D7C640-9146-4F2C-9A50-9CC607C5D141}.Debug|Any CPU.ActiveCfg = Debug|Any CPU
		{58D7C640-9146-4F2C-9A50-9CC607C5D141}.Debug|Any CPU.Build.0 = Debug|Any CPU
		{58D7C640-9146-4F2C-9A50-9CC607C5D141}.Debug|x64.ActiveCfg = Debug|Any CPU
		{58D7C640-9146-4F2C-9A50-9CC607C5D141}.Debug|x64.Build.0 = Debug|Any CPU
		{58D7C640-9146-4F2C-9A50-9CC607C5D141}.Debug|x86.ActiveCfg = Debug|Any CPU
		{58D7C640-9146-4F2C-9A50-9CC607C5D141}.Debug|x86.Build.0 = Debug|Any CPU
		{58D7C640-9146-4F2C-9A50-9CC607C5D141}.Release|Any CPU.ActiveCfg = Release|Any CPU
		{58D7C640-9146-4F2C-9A50-9CC607C5D141}.Release|Any CPU.Build.0 = Release|Any CPU
		{58D7C640-9146-4F2C-9A50-9CC607C5D141}.Release|x64.ActiveCfg = Release|Any CPU
		{58D7C640-9146-4F2C-9A50-9CC607C5D141}.Release|x64.Build.0 = Release|Any CPU
		{58D7C640-9146-4F2C-9A50-9CC607C5D141}.Release|x86.ActiveCfg = Release|Any CPU
		{58D7C640-9146-4F2C-9A50-9CC607C5D141}.Release|x86.Build.0 = Release|Any CPU
		{C20885C6-C40C-4C99-B324-4FCEFC28987A}.Debug|Any CPU.ActiveCfg = Debug|Any CPU
		{C20885C6-C40C-4C99-B324-4FCEFC28987A}.Debug|Any CPU.Build.0 = Debug|Any CPU
		{C20885C6-C40C-4C99-B324-4FCEFC28987A}.Debug|x64.ActiveCfg = Debug|Any CPU
		{C20885C6-C40C-4C99-B324-4FCEFC28987A}.Debug|x64.Build.0 = Debug|Any CPU
		{C20885C6-C40C-4C99-B324-4FCEFC28987A}.Debug|x86.ActiveCfg = Debug|Any CPU
		{C20885C6-C40C-4C99-B324-4FCEFC28987A}.Debug|x86.Build.0 = Debug|Any CPU
		{C20885C6-C40C-4C99-B324-4FCEFC28987A}.Release|Any CPU.ActiveCfg = Release|Any CPU
		{C20885C6-C40C-4C99-B324-4FCEFC28987A}.Release|Any CPU.Build.0 = Release|Any CPU
		{C20885C6-C40C-4C99-B324-4FCEFC28987A}.Release|x64.ActiveCfg = Release|Any CPU
		{C20885C6-C40C-4C99-B324-4FCEFC28987A}.Release|x64.Build.0 = Release|Any CPU
		{C20885C6-C40C-4C99-B324-4FCEFC28987A}.Release|x86.ActiveCfg = Release|Any CPU
		{C20885C6-C40C-4C99-B324-4FCEFC28987A}.Release|x86.Build.0 = Release|Any CPU
		{56F3FFEC-41B6-463F-A4C7-2972221655DE}.Debug|Any CPU.ActiveCfg = Debug|Any CPU
		{56F3FFEC-41B6-463F-A4C7-2972221655DE}.Debug|Any CPU.Build.0 = Debug|Any CPU
		{56F3FFEC-41B6-463F-A4C7-2972221655DE}.Debug|x64.ActiveCfg = Debug|Any CPU
		{56F3FFEC-41B6-463F-A4C7-2972221655DE}.Debug|x64.Build.0 = Debug|Any CPU
		{56F3FFEC-41B6-463F-A4C7-2972221655DE}.Debug|x86.ActiveCfg = Debug|Any CPU
		{56F3FFEC-41B6-463F-A4C7-2972221655DE}.Debug|x86.Build.0 = Debug|Any CPU
		{56F3FFEC-41B6-463F-A4C7-2972221655DE}.Release|Any CPU.ActiveCfg = Release|Any CPU
		{56F3FFEC-41B6-463F-A4C7-2972221655DE}.Release|Any CPU.Build.0 = Release|Any CPU
		{56F3FFEC-41B6-463F-A4C7-2972221655DE}.Release|x64.ActiveCfg = Release|Any CPU
		{56F3FFEC-41B6-463F-A4C7-2972221655DE}.Release|x64.Build.0 = Release|Any CPU
		{56F3FFEC-41B6-463F-A4C7-2972221655DE}.Release|x86.ActiveCfg = Release|Any CPU
		{56F3FFEC-41B6-463F-A4C7-2972221655DE}.Release|x86.Build.0 = Release|Any CPU
		{41B2F8C4-DBB0-44CC-95AE-BBDBE19BFD86}.Debug|Any CPU.ActiveCfg = Debug|Any CPU
		{41B2F8C4-DBB0-44CC-95AE-BBDBE19BFD86}.Debug|Any CPU.Build.0 = Debug|Any CPU
		{41B2F8C4-DBB0-44CC-95AE-BBDBE19BFD86}.Debug|x64.ActiveCfg = Debug|Any CPU
		{41B2F8C4-DBB0-44CC-95AE-BBDBE19BFD86}.Debug|x64.Build.0 = Debug|Any CPU
		{41B2F8C4-DBB0-44CC-95AE-BBDBE19BFD86}.Debug|x86.ActiveCfg = Debug|Any CPU
		{41B2F8C4-DBB0-44CC-95AE-BBDBE19BFD86}.Debug|x86.Build.0 = Debug|Any CPU
		{41B2F8C4-DBB0-44CC-95AE-BBDBE19BFD86}.Release|Any CPU.ActiveCfg = Release|Any CPU
		{41B2F8C4-DBB0-44CC-95AE-BBDBE19BFD86}.Release|Any CPU.Build.0 = Release|Any CPU
		{41B2F8C4-DBB0-44CC-95AE-BBDBE19BFD86}.Release|x64.ActiveCfg = Release|Any CPU
		{41B2F8C4-DBB0-44CC-95AE-BBDBE19BFD86}.Release|x64.Build.0 = Release|Any CPU
		{41B2F8C4-DBB0-44CC-95AE-BBDBE19BFD86}.Release|x86.ActiveCfg = Release|Any CPU
		{41B2F8C4-DBB0-44CC-95AE-BBDBE19BFD86}.Release|x86.Build.0 = Release|Any CPU
		{89FAD3DC-A7EB-4116-B47E-FA4362D2B4B4}.Debug|Any CPU.ActiveCfg = Debug|Any CPU
		{89FAD3DC-A7EB-4116-B47E-FA4362D2B4B4}.Debug|Any CPU.Build.0 = Debug|Any CPU
		{89FAD3DC-A7EB-4116-B47E-FA4362D2B4B4}.Debug|x64.ActiveCfg = Debug|Any CPU
		{89FAD3DC-A7EB-4116-B47E-FA4362D2B4B4}.Debug|x64.Build.0 = Debug|Any CPU
		{89FAD3DC-A7EB-4116-B47E-FA4362D2B4B4}.Debug|x86.ActiveCfg = Debug|Any CPU
		{89FAD3DC-A7EB-4116-B47E-FA4362D2B4B4}.Debug|x86.Build.0 = Debug|Any CPU
		{89FAD3DC-A7EB-4116-B47E-FA4362D2B4B4}.Release|Any CPU.ActiveCfg = Release|Any CPU
		{89FAD3DC-A7EB-4116-B47E-FA4362D2B4B4}.Release|Any CPU.Build.0 = Release|Any CPU
		{89FAD3DC-A7EB-4116-B47E-FA4362D2B4B4}.Release|x64.ActiveCfg = Release|Any CPU
		{89FAD3DC-A7EB-4116-B47E-FA4362D2B4B4}.Release|x64.Build.0 = Release|Any CPU
		{89FAD3DC-A7EB-4116-B47E-FA4362D2B4B4}.Release|x86.ActiveCfg = Release|Any CPU
		{89FAD3DC-A7EB-4116-B47E-FA4362D2B4B4}.Release|x86.Build.0 = Release|Any CPU
		{55970DF5-F45F-4A75-8273-4E92EBFD5EB3}.Debug|Any CPU.ActiveCfg = Debug|Any CPU
		{55970DF5-F45F-4A75-8273-4E92EBFD5EB3}.Debug|Any CPU.Build.0 = Debug|Any CPU
		{55970DF5-F45F-4A75-8273-4E92EBFD5EB3}.Debug|x64.ActiveCfg = Debug|Any CPU
		{55970DF5-F45F-4A75-8273-4E92EBFD5EB3}.Debug|x64.Build.0 = Debug|Any CPU
		{55970DF5-F45F-4A75-8273-4E92EBFD5EB3}.Debug|x86.ActiveCfg = Debug|Any CPU
		{55970DF5-F45F-4A75-8273-4E92EBFD5EB3}.Debug|x86.Build.0 = Debug|Any CPU
		{55970DF5-F45F-4A75-8273-4E92EBFD5EB3}.Release|Any CPU.ActiveCfg = Release|Any CPU
		{55970DF5-F45F-4A75-8273-4E92EBFD5EB3}.Release|Any CPU.Build.0 = Release|Any CPU
		{55970DF5-F45F-4A75-8273-4E92EBFD5EB3}.Release|x64.ActiveCfg = Release|Any CPU
		{55970DF5-F45F-4A75-8273-4E92EBFD5EB3}.Release|x64.Build.0 = Release|Any CPU
		{55970DF5-F45F-4A75-8273-4E92EBFD5EB3}.Release|x86.ActiveCfg = Release|Any CPU
		{55970DF5-F45F-4A75-8273-4E92EBFD5EB3}.Release|x86.Build.0 = Release|Any CPU
		{EE4A9E74-A2A6-4C94-8258-F6361929F700}.Debug|Any CPU.ActiveCfg = Debug|Any CPU
		{EE4A9E74-A2A6-4C94-8258-F6361929F700}.Debug|Any CPU.Build.0 = Debug|Any CPU
		{EE4A9E74-A2A6-4C94-8258-F6361929F700}.Debug|x64.ActiveCfg = Debug|Any CPU
		{EE4A9E74-A2A6-4C94-8258-F6361929F700}.Debug|x64.Build.0 = Debug|Any CPU
		{EE4A9E74-A2A6-4C94-8258-F6361929F700}.Debug|x86.ActiveCfg = Debug|Any CPU
		{EE4A9E74-A2A6-4C94-8258-F6361929F700}.Debug|x86.Build.0 = Debug|Any CPU
		{EE4A9E74-A2A6-4C94-8258-F6361929F700}.Release|Any CPU.ActiveCfg = Release|Any CPU
		{EE4A9E74-A2A6-4C94-8258-F6361929F700}.Release|Any CPU.Build.0 = Release|Any CPU
		{EE4A9E74-A2A6-4C94-8258-F6361929F700}.Release|x64.ActiveCfg = Release|Any CPU
		{EE4A9E74-A2A6-4C94-8258-F6361929F700}.Release|x64.Build.0 = Release|Any CPU
		{EE4A9E74-A2A6-4C94-8258-F6361929F700}.Release|x86.ActiveCfg = Release|Any CPU
		{EE4A9E74-A2A6-4C94-8258-F6361929F700}.Release|x86.Build.0 = Release|Any CPU
		{02BE5CC7-07E0-4DE4-BB25-E456B0030346}.Debug|Any CPU.ActiveCfg = Debug|Any CPU
		{02BE5CC7-07E0-4DE4-BB25-E456B0030346}.Debug|Any CPU.Build.0 = Debug|Any CPU
		{02BE5CC7-07E0-4DE4-BB25-E456B0030346}.Debug|x64.ActiveCfg = Debug|Any CPU
		{02BE5CC7-07E0-4DE4-BB25-E456B0030346}.Debug|x64.Build.0 = Debug|Any CPU
		{02BE5CC7-07E0-4DE4-BB25-E456B0030346}.Debug|x86.ActiveCfg = Debug|Any CPU
		{02BE5CC7-07E0-4DE4-BB25-E456B0030346}.Debug|x86.Build.0 = Debug|Any CPU
		{02BE5CC7-07E0-4DE4-BB25-E456B0030346}.Release|Any CPU.ActiveCfg = Release|Any CPU
		{02BE5CC7-07E0-4DE4-BB25-E456B0030346}.Release|Any CPU.Build.0 = Release|Any CPU
		{02BE5CC7-07E0-4DE4-BB25-E456B0030346}.Release|x64.ActiveCfg = Release|Any CPU
		{02BE5CC7-07E0-4DE4-BB25-E456B0030346}.Release|x64.Build.0 = Release|Any CPU
		{02BE5CC7-07E0-4DE4-BB25-E456B0030346}.Release|x86.ActiveCfg = Release|Any CPU
		{02BE5CC7-07E0-4DE4-BB25-E456B0030346}.Release|x86.Build.0 = Release|Any CPU
		{2436A8B6-2F79-4C4C-A4B1-5581FED60C32}.Debug|Any CPU.ActiveCfg = Debug|Any CPU
		{2436A8B6-2F79-4C4C-A4B1-5581FED60C32}.Debug|Any CPU.Build.0 = Debug|Any CPU
		{2436A8B6-2F79-4C4C-A4B1-5581FED60C32}.Debug|x64.ActiveCfg = Debug|Any CPU
		{2436A8B6-2F79-4C4C-A4B1-5581FED60C32}.Debug|x64.Build.0 = Debug|Any CPU
		{2436A8B6-2F79-4C4C-A4B1-5581FED60C32}.Debug|x86.ActiveCfg = Debug|Any CPU
		{2436A8B6-2F79-4C4C-A4B1-5581FED60C32}.Debug|x86.Build.0 = Debug|Any CPU
		{2436A8B6-2F79-4C4C-A4B1-5581FED60C32}.Release|Any CPU.ActiveCfg = Release|Any CPU
		{2436A8B6-2F79-4C4C-A4B1-5581FED60C32}.Release|Any CPU.Build.0 = Release|Any CPU
		{2436A8B6-2F79-4C4C-A4B1-5581FED60C32}.Release|x64.ActiveCfg = Release|Any CPU
		{2436A8B6-2F79-4C4C-A4B1-5581FED60C32}.Release|x64.Build.0 = Release|Any CPU
		{2436A8B6-2F79-4C4C-A4B1-5581FED60C32}.Release|x86.ActiveCfg = Release|Any CPU
		{2436A8B6-2F79-4C4C-A4B1-5581FED60C32}.Release|x86.Build.0 = Release|Any CPU
		{FA69E9E4-3A38-489C-8C1E-F2C9F0EFD209}.Debug|Any CPU.ActiveCfg = Debug|Any CPU
		{FA69E9E4-3A38-489C-8C1E-F2C9F0EFD209}.Debug|Any CPU.Build.0 = Debug|Any CPU
		{FA69E9E4-3A38-489C-8C1E-F2C9F0EFD209}.Debug|x64.ActiveCfg = Debug|Any CPU
		{FA69E9E4-3A38-489C-8C1E-F2C9F0EFD209}.Debug|x64.Build.0 = Debug|Any CPU
		{FA69E9E4-3A38-489C-8C1E-F2C9F0EFD209}.Debug|x86.ActiveCfg = Debug|Any CPU
		{FA69E9E4-3A38-489C-8C1E-F2C9F0EFD209}.Debug|x86.Build.0 = Debug|Any CPU
		{FA69E9E4-3A38-489C-8C1E-F2C9F0EFD209}.Release|Any CPU.ActiveCfg = Release|Any CPU
		{FA69E9E4-3A38-489C-8C1E-F2C9F0EFD209}.Release|Any CPU.Build.0 = Release|Any CPU
		{FA69E9E4-3A38-489C-8C1E-F2C9F0EFD209}.Release|x64.ActiveCfg = Release|Any CPU
		{FA69E9E4-3A38-489C-8C1E-F2C9F0EFD209}.Release|x64.Build.0 = Release|Any CPU
		{FA69E9E4-3A38-489C-8C1E-F2C9F0EFD209}.Release|x86.ActiveCfg = Release|Any CPU
		{FA69E9E4-3A38-489C-8C1E-F2C9F0EFD209}.Release|x86.Build.0 = Release|Any CPU
		{B63204B4-EAB0-4CC9-B401-1D5A43A7FCEF}.Debug|Any CPU.ActiveCfg = Debug|Any CPU
		{B63204B4-EAB0-4CC9-B401-1D5A43A7FCEF}.Debug|Any CPU.Build.0 = Debug|Any CPU
		{B63204B4-EAB0-4CC9-B401-1D5A43A7FCEF}.Debug|x64.ActiveCfg = Debug|Any CPU
		{B63204B4-EAB0-4CC9-B401-1D5A43A7FCEF}.Debug|x64.Build.0 = Debug|Any CPU
		{B63204B4-EAB0-4CC9-B401-1D5A43A7FCEF}.Debug|x86.ActiveCfg = Debug|Any CPU
		{B63204B4-EAB0-4CC9-B401-1D5A43A7FCEF}.Debug|x86.Build.0 = Debug|Any CPU
		{B63204B4-EAB0-4CC9-B401-1D5A43A7FCEF}.Release|Any CPU.ActiveCfg = Release|Any CPU
		{B63204B4-EAB0-4CC9-B401-1D5A43A7FCEF}.Release|Any CPU.Build.0 = Release|Any CPU
		{B63204B4-EAB0-4CC9-B401-1D5A43A7FCEF}.Release|x64.ActiveCfg = Release|Any CPU
		{B63204B4-EAB0-4CC9-B401-1D5A43A7FCEF}.Release|x64.Build.0 = Release|Any CPU
		{B63204B4-EAB0-4CC9-B401-1D5A43A7FCEF}.Release|x86.ActiveCfg = Release|Any CPU
		{B63204B4-EAB0-4CC9-B401-1D5A43A7FCEF}.Release|x86.Build.0 = Release|Any CPU
		{E998548F-66DF-466C-A9F7-B9136B123DFD}.Debug|Any CPU.ActiveCfg = Debug|Any CPU
		{E998548F-66DF-466C-A9F7-B9136B123DFD}.Debug|Any CPU.Build.0 = Debug|Any CPU
		{E998548F-66DF-466C-A9F7-B9136B123DFD}.Debug|x64.ActiveCfg = Debug|Any CPU
		{E998548F-66DF-466C-A9F7-B9136B123DFD}.Debug|x64.Build.0 = Debug|Any CPU
		{E998548F-66DF-466C-A9F7-B9136B123DFD}.Debug|x86.ActiveCfg = Debug|Any CPU
		{E998548F-66DF-466C-A9F7-B9136B123DFD}.Debug|x86.Build.0 = Debug|Any CPU
		{E998548F-66DF-466C-A9F7-B9136B123DFD}.Release|Any CPU.ActiveCfg = Release|Any CPU
		{E998548F-66DF-466C-A9F7-B9136B123DFD}.Release|Any CPU.Build.0 = Release|Any CPU
		{E998548F-66DF-466C-A9F7-B9136B123DFD}.Release|x64.ActiveCfg = Release|Any CPU
		{E998548F-66DF-466C-A9F7-B9136B123DFD}.Release|x64.Build.0 = Release|Any CPU
		{E998548F-66DF-466C-A9F7-B9136B123DFD}.Release|x86.ActiveCfg = Release|Any CPU
		{E998548F-66DF-466C-A9F7-B9136B123DFD}.Release|x86.Build.0 = Release|Any CPU
		{BF530F8E-5B65-444B-B72A-2AC544B25F02}.Debug|Any CPU.ActiveCfg = Debug|Any CPU
		{BF530F8E-5B65-444B-B72A-2AC544B25F02}.Debug|Any CPU.Build.0 = Debug|Any CPU
		{BF530F8E-5B65-444B-B72A-2AC544B25F02}.Debug|x64.ActiveCfg = Debug|Any CPU
		{BF530F8E-5B65-444B-B72A-2AC544B25F02}.Debug|x64.Build.0 = Debug|Any CPU
		{BF530F8E-5B65-444B-B72A-2AC544B25F02}.Debug|x86.ActiveCfg = Debug|Any CPU
		{BF530F8E-5B65-444B-B72A-2AC544B25F02}.Debug|x86.Build.0 = Debug|Any CPU
		{BF530F8E-5B65-444B-B72A-2AC544B25F02}.Release|Any CPU.ActiveCfg = Release|Any CPU
		{BF530F8E-5B65-444B-B72A-2AC544B25F02}.Release|Any CPU.Build.0 = Release|Any CPU
		{BF530F8E-5B65-444B-B72A-2AC544B25F02}.Release|x64.ActiveCfg = Release|Any CPU
		{BF530F8E-5B65-444B-B72A-2AC544B25F02}.Release|x64.Build.0 = Release|Any CPU
		{BF530F8E-5B65-444B-B72A-2AC544B25F02}.Release|x86.ActiveCfg = Release|Any CPU
		{BF530F8E-5B65-444B-B72A-2AC544B25F02}.Release|x86.Build.0 = Release|Any CPU
		{0B95A4EE-97A7-4B1F-B6AC-67A1C63395B3}.Debug|Any CPU.ActiveCfg = Debug|Any CPU
		{0B95A4EE-97A7-4B1F-B6AC-67A1C63395B3}.Debug|Any CPU.Build.0 = Debug|Any CPU
		{0B95A4EE-97A7-4B1F-B6AC-67A1C63395B3}.Debug|x64.ActiveCfg = Debug|Any CPU
		{0B95A4EE-97A7-4B1F-B6AC-67A1C63395B3}.Debug|x64.Build.0 = Debug|Any CPU
		{0B95A4EE-97A7-4B1F-B6AC-67A1C63395B3}.Debug|x86.ActiveCfg = Debug|Any CPU
		{0B95A4EE-97A7-4B1F-B6AC-67A1C63395B3}.Debug|x86.Build.0 = Debug|Any CPU
		{0B95A4EE-97A7-4B1F-B6AC-67A1C63395B3}.Release|Any CPU.ActiveCfg = Release|Any CPU
		{0B95A4EE-97A7-4B1F-B6AC-67A1C63395B3}.Release|Any CPU.Build.0 = Release|Any CPU
		{0B95A4EE-97A7-4B1F-B6AC-67A1C63395B3}.Release|x64.ActiveCfg = Release|Any CPU
		{0B95A4EE-97A7-4B1F-B6AC-67A1C63395B3}.Release|x64.Build.0 = Release|Any CPU
		{0B95A4EE-97A7-4B1F-B6AC-67A1C63395B3}.Release|x86.ActiveCfg = Release|Any CPU
		{0B95A4EE-97A7-4B1F-B6AC-67A1C63395B3}.Release|x86.Build.0 = Release|Any CPU
	EndGlobalSection
	GlobalSection(SolutionProperties) = preSolution
		HideSolutionNode = FALSE
	EndGlobalSection
	GlobalSection(NestedProjects) = preSolution
		{58D7C640-9146-4F2C-9A50-9CC607C5D141} = {827E0CD3-B72D-47B6-A68D-7590B98EB39B}
		{C20885C6-C40C-4C99-B324-4FCEFC28987A} = {827E0CD3-B72D-47B6-A68D-7590B98EB39B}
		{56F3FFEC-41B6-463F-A4C7-2972221655DE} = {827E0CD3-B72D-47B6-A68D-7590B98EB39B}
		{41B2F8C4-DBB0-44CC-95AE-BBDBE19BFD86} = {827E0CD3-B72D-47B6-A68D-7590B98EB39B}
		{89FAD3DC-A7EB-4116-B47E-FA4362D2B4B4} = {827E0CD3-B72D-47B6-A68D-7590B98EB39B}
		{55970DF5-F45F-4A75-8273-4E92EBFD5EB3} = {827E0CD3-B72D-47B6-A68D-7590B98EB39B}
		{EE4A9E74-A2A6-4C94-8258-F6361929F700} = {827E0CD3-B72D-47B6-A68D-7590B98EB39B}
		{02BE5CC7-07E0-4DE4-BB25-E456B0030346} = {827E0CD3-B72D-47B6-A68D-7590B98EB39B}
		{2436A8B6-2F79-4C4C-A4B1-5581FED60C32} = {827E0CD3-B72D-47B6-A68D-7590B98EB39B}
		{FA69E9E4-3A38-489C-8C1E-F2C9F0EFD209} = {827E0CD3-B72D-47B6-A68D-7590B98EB39B}
		{B63204B4-EAB0-4CC9-B401-1D5A43A7FCEF} = {827E0CD3-B72D-47B6-A68D-7590B98EB39B}
		{E998548F-66DF-466C-A9F7-B9136B123DFD} = {827E0CD3-B72D-47B6-A68D-7590B98EB39B}
		{BF530F8E-5B65-444B-B72A-2AC544B25F02} = {827E0CD3-B72D-47B6-A68D-7590B98EB39B}
		{0B95A4EE-97A7-4B1F-B6AC-67A1C63395B3} = {827E0CD3-B72D-47B6-A68D-7590B98EB39B}
	EndGlobalSection
EndGlobal
